# @generated - this file is auto-generated by `mise lock` https://mise.jdx.dev/dev-tools/mise-lock.html

[[tools.elixir]]
version = "1.19.6"
backend = "core:elixir"

[tools.elixir."platforms.macos-arm64"]
checksum = "sha256:55fac8da30e7e9ee87251a6db68ae881e6006b4c192c6081b23c51c97efd187a"
url = "https://builds.hex.pm/builds/elixir/v1.19.6.zip"

[[tools.erlang]]
version = "28.5"
backend = "core:erlang"

[tools.erlang."platforms.macos-arm64"]
checksum = "sha256:f365335cf6c705b52557f4d3a4c4058e2e689a0e58d822160688d0cc8a736b92"
url = "https://github.com/erlef/otp_builds/releases/download/OTP-28.5/otp-aarch64-apple-darwin.tar.gz"
url_api = "https://api.github.com/repos/erlef/otp_builds/releases/assets/403427927"

[[tools.hk]]
version = "2.2.0"
backend = "aqua:jdx/hk"

[tools.hk."platforms.macos-arm64"]
checksum = "sha256:82da7ae00554222568ea4115939e13fca640c2fae426ea828176b5b08ea45f68"
url = "https://github.com/jdx/hk/releases/download/v2.2.0/hk-aarch64-apple-darwin.tar.gz"
url_api = "https://api.github.com/repos/jdx/hk/releases/assets/587160957"
